
Microsoft Visual Studio Solution File, Format Version 12.00
# Visual Studio Version 16
VisualStudioVersion = 16.0.30104.148
MinimumVisualStudioVersion = 10.0.40219.1
Project("{FAE04EC0-301F-11D3-BF4B-00C04F79EFBC}") = "DataMatrixVadim", "DataMatrixVadim\DataMatrixVadim.csproj", "{8D60D89B-8340-4559-B58F-43AE838E671B}"
EndProject
Global
	GlobalSection(SolutionConfigurationPlatforms) = preSolution
		Debug|Any CPU = Debug|Any CPU
		Release|Any CPU = Release|Any CPU
	EndGlobalSection
	GlobalSection(ProjectConfigurationPlatforms) = postSolution
		{8D60D89B-8340-4559-B58F-43AE838E671B}.Debug|Any CPU.ActiveCfg = Debug|Any CPU
		{8D60D89B-8340-4559-B58F-43AE838E671B}.Debug|Any CPU.Build.0 = Debug|Any CPU
		{8D60D89B-8340-4559-B58F-43AE838E671B}.Debug|Any CPU.Deploy.0 = Debug|Any CPU
		{8D60D89B-8340-4559-B58F-43AE838E671B}.Release|Any CPU.ActiveCfg = Release|Any CPU
		{8D60D89B-8340-4559-B58F-43AE838E671B}.Release|Any CPU.Build.0 = Release|Any CPU
		{8D60D89B-8340-4559-B58F-43AE838E671B}.Release|Any CPU.Deploy.0 = Release|Any CPU
	EndGlobalSection
	GlobalSection(SolutionProperties) = preSolution
		HideSolutionNode = FALSE
	EndGlobalSection
	GlobalSection(ExtensibilityGlobals) = postSolution
		SolutionGuid = {E8C2D346-310C-435E-A1E4-AA337B103E0B}
	EndGlobalSection
EndGlobal
